
Microsoft Visual Studio Solution File, Format Version 12.00
Project("{FAE04EC0-301F-11D3-BF4B-00C04F79EFBC}") = "ReaderWriterLockSlim", "ReaderWriterLockSlim\ReaderWriterLockSlim.csproj", "{C2306DC5-1267-452D-B99F-43E8F5CEF8ED}"
EndProject
Global
	GlobalSection(SolutionConfigurationPlatforms) = preSolution
		Debug|Any CPU = Debug|Any CPU
		Release|Any CPU = Release|Any CPU
	EndGlobalSection
	GlobalSection(ProjectConfigurationPlatforms) = postSolution
		{C2306DC5-1267-452D-B99F-43E8F5CEF8ED}.Debug|Any CPU.ActiveCfg = Debug|Any CPU
		{C2306DC5-1267-452D-B99F-43E8F5CEF8ED}.Debug|Any CPU.Build.0 = Debug|Any CPU
		{C2306DC5-1267-452D-B99F-43E8F5CEF8ED}.Release|Any CPU.ActiveCfg = Release|Any CPU
		{C2306DC5-1267-452D-B99F-43E8F5CEF8ED}.Release|Any CPU.Build.0 = Release|Any CPU
	EndGlobalSection
EndGlobal
