
Microsoft Visual Studio Solution File, Format Version 12.00
Project("{FAE04EC0-301F-11D3-BF4B-00C04F79EFBC}") = "BufferBlock", "BufferBlock\BufferBlock.csproj", "{6C4175C7-FF60-4BE2-8A66-F059666D697A}"
EndProject
Global
	GlobalSection(SolutionConfigurationPlatforms) = preSolution
		Debug|Any CPU = Debug|Any CPU
		Release|Any CPU = Release|Any CPU
	EndGlobalSection
	GlobalSection(ProjectConfigurationPlatforms) = postSolution
		{6C4175C7-FF60-4BE2-8A66-F059666D697A}.Debug|Any CPU.ActiveCfg = Debug|Any CPU
		{6C4175C7-FF60-4BE2-8A66-F059666D697A}.Debug|Any CPU.Build.0 = Debug|Any CPU
		{6C4175C7-FF60-4BE2-8A66-F059666D697A}.Release|Any CPU.ActiveCfg = Release|Any CPU
		{6C4175C7-FF60-4BE2-8A66-F059666D697A}.Release|Any CPU.Build.0 = Release|Any CPU
	EndGlobalSection
EndGlobal
